{
  "pins" : [
    {
      "identity" : "locationpickerforswiftui",
      "kind" : "remoteSourceControl",
      "location" : "https://github.com/alessiorubicini/LocationPickerForSwiftUI",
      "state" : {
        "revision" : "aeb1aea83e887676a6dc369566040748773b418d",
        "version" : "1.1.2"
      }
    },
    {
      "identity" : "spline-ios",
      "kind" : "remoteSourceControl",
      "location" : "https://github.com/splinetool/spline-ios",
      "state" : {
        "branch" : "main",
        "revision" : "e9c0364104a98973439c2cd4ca1e2ec4c846ed93"
      }
    }
  ],
  "version" : 2
}
